
Microsoft Visual Studio Solution File, Format Version 12.00
# Visual Studio Version 17
VisualStudioVersion = 17.5.002.0
MinimumVisualStudioVersion = 10.0.40219.1
Project("{9A19103F-16F7-4668-BE54-9A1E7A4F7556}") = "loja", "loja.csproj", "{B804106B-54B7-449D-9DEC-C7859E3E214B}"
EndProject
Global
	GlobalSection(SolutionConfigurationPlatforms) = preSolution
		Debug|Any CPU = Debug|Any CPU
		Release|Any CPU = Release|Any CPU
	EndGlobalSection
	GlobalSection(ProjectConfigurationPlatforms) = postSolution
		{B804106B-54B7-449D-9DEC-C7859E3E214B}.Debug|Any CPU.ActiveCfg = Debug|Any CPU
		{B804106B-54B7-449D-9DEC-C7859E3E214B}.Debug|Any CPU.Build.0 = Debug|Any CPU
		{B804106B-54B7-449D-9DEC-C7859E3E214B}.Release|Any CPU.ActiveCfg = Release|Any CPU
		{B804106B-54B7-449D-9DEC-C7859E3E214B}.Release|Any CPU.Build.0 = Release|Any CPU
	EndGlobalSection
	GlobalSection(SolutionProperties) = preSolution
		HideSolutionNode = FALSE
	EndGlobalSection
	GlobalSection(ExtensibilityGlobals) = postSolution
		SolutionGuid = {E438583F-6A6B-4CD5-86F4-B427AA241AB6}
	EndGlobalSection
EndGlobal
